
Microsoft Visual Studio Solution File, Format Version 12.00
# Visual Studio 15
VisualStudioVersion = 15.0.28307.1972
MinimumVisualStudioVersion = 10.0.40219.1
Project("{FAE04EC0-301F-11D3-BF4B-00C04F79EFBC}") = "Shop", "Shop\Shop.csproj", "{FAB72C27-3B2B-45AC-8797-E0464E41191E}"
EndProject
Global
	GlobalSection(SolutionConfigurationPlatforms) = preSolution
		Debug|Any CPU = Debug|Any CPU
		Release|Any CPU = Release|Any CPU
	EndGlobalSection
	GlobalSection(ProjectConfigurationPlatforms) = postSolution
		{FAB72C27-3B2B-45AC-8797-E0464E41191E}.Debug|Any CPU.ActiveCfg = Debug|Any CPU
		{FAB72C27-3B2B-45AC-8797-E0464E41191E}.Debug|Any CPU.Build.0 = Debug|Any CPU
		{FAB72C27-3B2B-45AC-8797-E0464E41191E}.Release|Any CPU.ActiveCfg = Release|Any CPU
		{FAB72C27-3B2B-45AC-8797-E0464E41191E}.Release|Any CPU.Build.0 = Release|Any CPU
	EndGlobalSection
	GlobalSection(SolutionProperties) = preSolution
		HideSolutionNode = FALSE
	EndGlobalSection
	GlobalSection(ExtensibilityGlobals) = postSolution
		SolutionGuid = {0DFA33F4-B8DC-4F34-8C9C-46C6DB104206}
	EndGlobalSection
EndGlobal
